
Microsoft Visual Studio Solution File, Format Version 12.00
# Visual Studio Version 16
VisualStudioVersion = 16.0.29613.14
MinimumVisualStudioVersion = 10.0.40219.1
Project("{8BC9CEB8-8B4A-11D0-8D11-00A0C91BC942}") = "BOJ_15270", "BOJ_15270\BOJ_15270.vcxproj", "{89496BE8-6D30-4923-B602-9D63F237029D}"
EndProject
Global
	GlobalSection(SolutionConfigurationPlatforms) = preSolution
		Debug|x64 = Debug|x64
		Debug|x86 = Debug|x86
		Release|x64 = Release|x64
		Release|x86 = Release|x86
	EndGlobalSection
	GlobalSection(ProjectConfigurationPlatforms) = postSolution
		{89496BE8-6D30-4923-B602-9D63F237029D}.Debug|x64.ActiveCfg = Debug|x64
		{89496BE8-6D30-4923-B602-9D63F237029D}.Debug|x64.Build.0 = Debug|x64
		{89496BE8-6D30-4923-B602-9D63F237029D}.Debug|x86.ActiveCfg = Debug|Win32
		{89496BE8-6D30-4923-B602-9D63F237029D}.Debug|x86.Build.0 = Debug|Win32
		{89496BE8-6D30-4923-B602-9D63F237029D}.Release|x64.ActiveCfg = Release|x64
		{89496BE8-6D30-4923-B602-9D63F237029D}.Release|x64.Build.0 = Release|x64
		{89496BE8-6D30-4923-B602-9D63F237029D}.Release|x86.ActiveCfg = Release|Win32
		{89496BE8-6D30-4923-B602-9D63F237029D}.Release|x86.Build.0 = Release|Win32
	EndGlobalSection
	GlobalSection(SolutionProperties) = preSolution
		HideSolutionNode = FALSE
	EndGlobalSection
	GlobalSection(ExtensibilityGlobals) = postSolution
		SolutionGuid = {957EC000-9414-4DB2-8428-8ECF7D5E17CD}
	EndGlobalSection
EndGlobal
